
Microsoft Visual Studio Solution File, Format Version 12.00
# Visual Studio 14
VisualStudioVersion = 14.0.25123.0
MinimumVisualStudioVersion = 10.0.40219.1
Project("{FAE04EC0-301F-11D3-BF4B-00C04F79EFBC}") = "GenetixEditor", "GenetixEditor\GenetixEditor.csproj", "{2E085564-E036-4610-A11B-60743D9BC79B}"
EndProject
Global
	GlobalSection(SolutionConfigurationPlatforms) = preSolution
		Debug|Any CPU = Debug|Any CPU
		Release|Any CPU = Release|Any CPU
	EndGlobalSection
	GlobalSection(ProjectConfigurationPlatforms) = postSolution
		{2E085564-E036-4610-A11B-60743D9BC79B}.Debug|Any CPU.ActiveCfg = Debug|Any CPU
		{2E085564-E036-4610-A11B-60743D9BC79B}.Debug|Any CPU.Build.0 = Debug|Any CPU
		{2E085564-E036-4610-A11B-60743D9BC79B}.Release|Any CPU.ActiveCfg = Release|Any CPU
		{2E085564-E036-4610-A11B-60743D9BC79B}.Release|Any CPU.Build.0 = Release|Any CPU
	EndGlobalSection
	GlobalSection(SolutionProperties) = preSolution
		HideSolutionNode = FALSE
	EndGlobalSection
EndGlobal
